
Microsoft Visual Studio Solution File, Format Version 12.00
# Visual Studio Version 17
VisualStudioVersion = 17.5.33502.453
MinimumVisualStudioVersion = 10.0.40219.1
Project("{FAE04EC0-301F-11D3-BF4B-00C04F79EFBC}") = "RiotsRotations", "RiotsRotations\RiotsRotations.csproj", "{AFF52911-76DB-41C8-A3D6-7072387E6E8C}"
EndProject
Global
	GlobalSection(SolutionConfigurationPlatforms) = preSolution
		Debug|Any CPU = Debug|Any CPU
		Release|Any CPU = Release|Any CPU
	EndGlobalSection
	GlobalSection(ProjectConfigurationPlatforms) = postSolution
		{AFF52911-76DB-41C8-A3D6-7072387E6E8C}.Debug|Any CPU.ActiveCfg = Debug|Any CPU
		{AFF52911-76DB-41C8-A3D6-7072387E6E8C}.Debug|Any CPU.Build.0 = Debug|Any CPU
		{AFF52911-76DB-41C8-A3D6-7072387E6E8C}.Release|Any CPU.ActiveCfg = Release|Any CPU
		{AFF52911-76DB-41C8-A3D6-7072387E6E8C}.Release|Any CPU.Build.0 = Release|Any CPU
	EndGlobalSection
	GlobalSection(SolutionProperties) = preSolution
		HideSolutionNode = FALSE
	EndGlobalSection
	GlobalSection(ExtensibilityGlobals) = postSolution
		SolutionGuid = {FA55FACC-AB60-4955-AE9A-5D48012F0492}
	EndGlobalSection
EndGlobal
